# Generated by conda-lock.
# platform: linux-64
# input_hash: 2e0c42dc1a47a3e1a69c8027884ef4d8f5521765070c4c49f556d37d9c19a914
@EXPLICIT
https://conda.anaconda.org/conda-forge/linux-64/_libgcc_mutex-0.1-conda_forge.tar.bz2#d7c89558ba9fa0495403155b64376d81
https://conda.anaconda.org/conda-forge/noarch/_r-mutex-1.0.1-anacondar_1.tar.bz2#19f9db5f4f1b7f5ef5f6d67207f25f38
https://conda.anaconda.org/conda-forge/noarch/font-ttf-dejavu-sans-mono-2.37-hab24e00_0.tar.bz2#0c96522c6bdaed4b1566d11387caaf45
https://conda.anaconda.org/conda-forge/noarch/font-ttf-inconsolata-3.000-h77eed37_0.tar.bz2#34893075a5c9e55cdafac56607368fc6
https://conda.anaconda.org/conda-forge/noarch/font-ttf-source-code-pro-2.038-h77eed37_0.tar.bz2#4d59c254e01d9cde7957100457e2d5fb
https://conda.anaconda.org/conda-forge/noarch/font-ttf-ubuntu-0.83-h77eed37_3.conda#49023d73832ef61042f6a237cb2687e7
https://conda.anaconda.org/conda-forge/noarch/kernel-headers_linux-64-4.18.0-he073ed8_8.conda#ff007ab0f0fdc53d245972bba8a6d40c
https://conda.anaconda.org/conda-forge/noarch/python_abi-3.13-8_cp313.conda#94305520c52a4aa3f6c2b1ff6008d9f8
https://conda.anaconda.org/conda-forge/noarch/tzdata-2025b-h78e105d_0.conda#4222072737ccff51314b5ece9c7d6f5a
https://conda.anaconda.org/conda-forge/noarch/ca-certificates-2025.11.12-hbd8a1cb_0.conda#f0991f0f84902f6b6009b4d2350a83aa
https://conda.anaconda.org/conda-forge/noarch/fonts-conda-forge-1-hc364b38_1.conda#a7970cd949a077b7cb9696379d338681
https://conda.anaconda.org/conda-forge/noarch/libgcc-devel_linux-64-15.2.0-hcc6f6b0_116.conda#e67832fdbf2382757205bb4b38800643
https://conda.anaconda.org/conda-forge/linux-64/libgomp-15.2.0-he0feb66_16.conda#26c46f90d0e727e95c6c9498a33a09f3
https://conda.anaconda.org/conda-forge/noarch/libstdcxx-devel_linux-64-15.2.0-hd446a21_116.conda#2730e07e576ffbd7bf13f8de34835d41
https://conda.anaconda.org/conda-forge/noarch/sysroot_linux-64-2.28-h4ee821c_8.conda#1bad93f0aa428d618875ef3a588a889e
https://conda.anaconda.org/conda-forge/linux-64/_openmp_mutex-4.5-2_gnu.tar.bz2#73aaf86a425cc6e73fcf236a5a46396d
https://conda.anaconda.org/conda-forge/noarch/fonts-conda-ecosystem-1-0.tar.bz2#fee5683a3f04bd15cbd8318b096a27ab
https://conda.anaconda.org/conda-forge/linux-64/libgcc-15.2.0-he0feb66_16.conda#6d0363467e6ed84f11435eb309f2ff06
https://conda.anaconda.org/conda-forge/linux-64/aws-c-common-0.12.6-hb03c661_0.conda#e36ad70a7e0b48f091ed6902f04c23b8
https://conda.anaconda.org/conda-forge/linux-64/bzip2-1.0.8-hda65f42_8.conda#51a19bba1b8ebfb60df25cde030b7ebc
https://conda.anaconda.org/conda-forge/linux-64/c-ares-1.34.6-hb03c661_0.conda#920bb03579f15389b9e512095ad995b7
https://conda.anaconda.org/conda-forge/linux-64/fribidi-1.0.16-hb03c661_0.conda#f9f81ea472684d75b9dd8d0b328cf655
https://conda.anaconda.org/conda-forge/linux-64/json-c-0.18-h6688a6e_0.conda#38f5dbc9ac808e31c00650f7be1db93f
https://conda.anaconda.org/conda-forge/linux-64/keyutils-1.6.3-hb9d3cd8_0.conda#b38117a3c920364aff79f870c984b4a3
https://conda.anaconda.org/conda-forge/linux-64/libdeflate-1.25-h17f619e_0.conda#6c77a605a7a689d17d4819c0f8ac9a00
https://conda.anaconda.org/conda-forge/linux-64/libexpat-2.7.3-hecca717_0.conda#8b09ae86839581147ef2e5c5e229d164
https://conda.anaconda.org/conda-forge/linux-64/libffi-3.5.2-h9ec8514_0.conda#35f29eec58405aaf55e01cb470d8c26a
https://conda.anaconda.org/conda-forge/linux-64/libgcc-ng-15.2.0-h69a702a_16.conda#5a68259fac2da8f2ee6f7bfe49c9eb8b
https://conda.anaconda.org/conda-forge/linux-64/libgfortran5-15.2.0-h68bc16d_16.conda#39183d4e0c05609fd65f130633194e37
https://conda.anaconda.org/conda-forge/linux-64/libiconv-1.18-h3b78370_2.conda#915f5995e94f60e9a4826e0b0920ee88
https://conda.anaconda.org/conda-forge/linux-64/libjpeg-turbo-3.1.2-hb03c661_0.conda#8397539e3a0bbd1695584fb4f927485a
https://conda.anaconda.org/conda-forge/linux-64/liblzma-5.8.1-hb9d3cd8_2.conda#1a580f7796c7bf6393fddb8bbbde58dc
https://conda.anaconda.org/conda-forge/linux-64/libmpdec-4.0.0-hb9d3cd8_0.conda#c7e925f37e3b40d893459e625f6a53f1
https://conda.anaconda.org/conda-forge/linux-64/libnsl-2.0.1-hb9d3cd8_1.conda#d864d34357c3b65a4b731f78c0801dc4
https://conda.anaconda.org/conda-forge/linux-64/libstdcxx-15.2.0-h934c35e_16.conda#68f68355000ec3f1d6f26ea13e8f525f
https://conda.anaconda.org/conda-forge/linux-64/libuuid-2.41.2-h5347b49_1.conda#41f5c09a211985c3ce642d60721e7c3e
https://conda.anaconda.org/conda-forge/linux-64/libwebp-base-1.6.0-hd42ef1d_0.conda#aea31d2e5b1091feca96fcfe945c3cf9
https://conda.anaconda.org/conda-forge/linux-64/libzlib-1.3.1-hb9d3cd8_2.conda#edb0dca6bc32e4f4789199455a1dbeb8
https://conda.anaconda.org/conda-forge/linux-64/lzo-2.10-h280c20c_1002.conda#45161d96307e3a447cc3eb5896cf6f8c
https://conda.anaconda.org/conda-forge/linux-64/make-4.4.1-hb9d3cd8_2.conda#33405d2a66b1411db9f7242c8b97c9e7
https://conda.anaconda.org/conda-forge/linux-64/ncurses-6.5-h2d0b736_3.conda#47e340acb35de30501a76c7c799c41d7
https://conda.anaconda.org/conda-forge/linux-64/openssl-3.6.0-h26f9b46_0.conda#9ee58d5c534af06558933af3c845a780
https://conda.anaconda.org/conda-forge/linux-64/pthread-stubs-0.4-hb9d3cd8_1002.conda#b3c17d95b5a10c6e64a21fa17573e70e
https://conda.anaconda.org/conda-forge/linux-64/sed-4.9-h6688a6e_0.conda#171afc5f7ca0408bbccbcb69ade85f92
https://conda.anaconda.org/conda-forge/linux-64/xorg-libice-1.1.2-hb9d3cd8_0.conda#fb901ff28063514abb6046c9ec2c4a45
https://conda.anaconda.org/conda-forge/linux-64/xorg-libxau-1.0.12-hb03c661_1.conda#b2895afaf55bf96a8c8282a2e47a5de0
https://conda.anaconda.org/conda-forge/linux-64/xorg-libxdmcp-1.1.5-hb03c661_1.conda#1dafce8548e38671bea82e3f5c6ce22f
https://conda.anaconda.org/conda-forge/linux-64/yaml-0.2.5-h280c20c_3.conda#a77f85f77be52ff59391544bfe73390a
https://conda.anaconda.org/conda-forge/linux-64/aws-c-cal-0.9.13-h2c9d079_1.conda#3c3d02681058c3d206b562b2e3bc337f
https://conda.anaconda.org/conda-forge/linux-64/aws-c-compression-0.3.1-h8b1a151_9.conda#f7ec84186dfe7a9e3a9f9e5a4d023e75
https://conda.anaconda.org/conda-forge/linux-64/aws-c-sdkutils-0.2.4-h8b1a151_4.conda#c7e3e08b7b1b285524ab9d74162ce40b
https://conda.anaconda.org/conda-forge/linux-64/aws-checksums-0.2.7-h8b1a151_5.conda#68da5b56dde41e172b7b24f071c4b392
https://conda.anaconda.org/conda-forge/linux-64/geos-3.14.1-h480dda7_0.conda#4d4efd0645cd556fab54617c4ad477ef
https://conda.anaconda.org/conda-forge/linux-64/giflib-5.2.2-hd590300_0.conda#3bf7b9fd5a7136126e0234db4b87c8b6
https://conda.anaconda.org/conda-forge/linux-64/graphite2-1.3.14-hecca717_2.conda#2cd94587f3a401ae05e03a6caf09539d
https://conda.anaconda.org/conda-forge/linux-64/lerc-4.0.0-h0aef613_1.conda#9344155d33912347b37f0ae6c410a835
https://conda.anaconda.org/conda-forge/linux-64/libabseil-20250512.1-cxx17_hba17884_0.conda#83b160d4da3e1e847bf044997621ed63
https://conda.anaconda.org/conda-forge/linux-64/libaec-1.1.4-h3f801dc_0.conda#01ba04e414e47f95c03d6ddd81fd37be
https://conda.anaconda.org/conda-forge/linux-64/libedit-3.1.20250104-pl5321h7949ede_0.conda#c277e0a4d549b03ac1e9d6cbbe3d017b
https://conda.anaconda.org/conda-forge/linux-64/libev-4.33-hd590300_2.conda#172bf1cd1ff8629f2b1179945ed45055
https://conda.anaconda.org/conda-forge/linux-64/libgfortran-15.2.0-h69a702a_16.conda#40d9b534410403c821ff64f00d0adc22
https://conda.anaconda.org/conda-forge/linux-64/libpng-1.6.53-h421ea60_0.conda#00d4e66b1f746cb14944cad23fffb405
https://conda.anaconda.org/conda-forge/linux-64/libsanitizer-15.2.0-h90f66d4_16.conda#0841a98bda756af037eb07d36cacada5
https://conda.anaconda.org/conda-forge/linux-64/libsqlite-3.51.1-h0c1763c_0.conda#2e1b84d273b01835256e53fd938de355
https://conda.anaconda.org/conda-forge/linux-64/libssh2-1.11.1-hcf80075_0.conda#eecce068c7e4eddeb169591baac20ac4
https://conda.anaconda.org/conda-forge/linux-64/libstdcxx-ng-15.2.0-hdf11a46_16.conda#1b3152694d236cf233b76b8c56bf0eae
https://conda.anaconda.org/conda-forge/linux-64/libxcb-1.17.0-h8a09558_0.conda#92ed62436b625154323d40d5f2f11dd7
https://conda.anaconda.org/conda-forge/linux-64/lz4-c-1.10.0-h5888daf_1.conda#9de5350a85c4a20c685259b889aa6393
https://conda.anaconda.org/conda-forge/linux-64/pcre2-10.47-haa7fec5_0.conda#7a3bff861a6583f1889021facefc08b1
https://conda.anaconda.org/conda-forge/linux-64/pixman-0.46.4-h54a6638_1.conda#c01af13bdc553d1a8fbfff6e8db075f0
https://conda.anaconda.org/conda-forge/linux-64/readline-8.2-h8c095d6_2.conda#283b96675859b20a825f8fa30f311446
https://conda.anaconda.org/conda-forge/linux-64/s2n-1.6.1-h23ded05_1.conda#d9f44253e28b48baee6e278d51ece70c
https://conda.anaconda.org/conda-forge/linux-64/snappy-1.2.2-h03e3b7b_1.conda#98b6c9dc80eb87b2519b97bcf7e578dd
https://conda.anaconda.org/conda-forge/linux-64/tk-8.6.13-noxft_ha0e22de_103.conda#86bc20552bf46075e3d92b67f089172d
https://conda.anaconda.org/conda-forge/linux-64/xorg-libsm-1.2.6-he73a12e_0.conda#1c74ff8c35dcadf952a16f752ca5aa49
https://conda.anaconda.org/conda-forge/linux-64/zlib-1.3.1-hb9d3cd8_2.conda#c9f075ab2f33b3bbee9e62d4ad0a6cd8
https://conda.anaconda.org/conda-forge/linux-64/zstd-1.5.7-hb78ec9c_6.conda#4a13eeac0b5c8e5b8ab496e6c4ddd829
https://conda.anaconda.org/conda-forge/linux-64/aws-c-io-0.23.3-had5c4f5_4.conda#a53c9f532e5c4a2b85d4b4c439ea5a5d
https://conda.anaconda.org/conda-forge/linux-64/blosc-1.21.6-he440d0b_1.conda#2c2fae981fd2afd00812c92ac47d023d
https://conda.anaconda.org/conda-forge/linux-64/bwidget-1.10.1-ha770c72_1.conda#983b92277d78c0d0ec498e460caa0e6d
https://conda.anaconda.org/conda-forge/linux-64/hdf4-4.2.15-h2a13503_7.conda#bd77f8da987968ec3927990495dc22e4
https://conda.anaconda.org/conda-forge/linux-64/icu-75.1-he02047a_0.conda#8b189310083baabfb622af68fd9d3ae3
https://conda.anaconda.org/conda-forge/linux-64/krb5-1.21.3-h659f571_0.conda#3f43953b7d3fb3aaa1d0d0723d91e368
https://conda.anaconda.org/conda-forge/linux-64/ld_impl_linux-64-2.45-default_hbd61a6d_104.conda#a6abd2796fc332536735f68ba23f7901
https://conda.anaconda.org/conda-forge/linux-64/libcrc32c-1.1.2-h9c3ff4c_0.tar.bz2#c965a5aa0d5c1c37ffc62dff36e28400
https://conda.anaconda.org/conda-forge/linux-64/libfreetype6-2.14.1-h73754d4_0.conda#8e7251989bca326a28f4a5ffbd74557a
https://conda.anaconda.org/conda-forge/linux-64/libgfortran-ng-15.2.0-h69a702a_16.conda#e5eb2ddedabd0063e442f230755d2062
https://conda.anaconda.org/conda-forge/linux-64/libglib-2.86.3-h6548e54_0.conda#034bea55a4feef51c98e8449938e9cee
https://conda.anaconda.org/conda-forge/linux-64/libnghttp2-1.67.0-had1ee68_0.conda#b499ce4b026493a13774bcf0f4c33849
https://conda.anaconda.org/conda-forge/linux-64/libopenblas-0.3.30-pthreads_h94d23a6_4.conda#be43915efc66345cccb3c310b6ed0374
https://conda.anaconda.org/conda-forge/linux-64/libprotobuf-6.31.1-h49aed37_2.conda#94cb88daa0892171457d9fdc69f43eca
https://conda.anaconda.org/conda-forge/linux-64/libre2-11-2025.11.05-h7b12aa8_0.conda#a30848ebf39327ea078cf26d114cff53
https://conda.anaconda.org/conda-forge/linux-64/librttopo-1.1.0-h46dd2a8_20.conda#df81fd57eacf341588d728c97920e86d
https://conda.anaconda.org/conda-forge/linux-64/libtiff-4.7.1-h9d88235_1.conda#cd5a90476766d53e901500df9215e927
https://conda.anaconda.org/conda-forge/linux-64/minizip-4.0.10-h05a5f5f_0.conda#da01bb40572e689bd1535a5cee6b1d68
https://conda.anaconda.org/conda-forge/linux-64/sqlite-3.51.1-hbc0de68_0.conda#968f50847d17c74a428fc47a2c70fd6f
https://conda.anaconda.org/conda-forge/linux-64/tktable-2.10-h8d826fa_7.conda#3ac51142c19ba95ae0fadefa333c9afb
https://conda.anaconda.org/conda-forge/linux-64/uriparser-0.9.8-hac33072_0.conda#d71d3a66528853c0a1ac2c02d79a0284
https://conda.anaconda.org/conda-forge/linux-64/xorg-libx11-1.8.12-h4f16b4b_0.conda#db038ce880f100acc74dba10302b5630
https://conda.anaconda.org/conda-forge/linux-64/aws-c-event-stream-0.5.7-h28f887f_1.conda#7b8e3f846353b75db163ad93248e5f9d
https://conda.anaconda.org/conda-forge/linux-64/aws-c-http-0.10.7-ha8fc4e3_5.conda#3028f20dacafc00b22b88b324c8956cc
https://conda.anaconda.org/conda-forge/linux-64/binutils_impl_linux-64-2.45-default_hfdba357_104.conda#a7a67bf132a4a2dea92a7cb498cdc5b1
https://conda.anaconda.org/conda-forge/linux-64/freexl-2.0.0-h9dce30a_2.conda#ecb5d11305b8ba1801543002e69d2f2f
https://conda.anaconda.org/conda-forge/linux-64/libblas-3.11.0-4_h4a7cf45_openblas.conda#14ff9fdfbd8bd590fca383b995470711
https://conda.anaconda.org/conda-forge/linux-64/libcurl-8.17.0-h4e3cde8_1.conda#117499f93e892ea1e57fdca16c2e8351
https://conda.anaconda.org/conda-forge/linux-64/libfreetype-2.14.1-ha770c72_0.conda#f4084e4e6577797150f9b04a4560ceb0
https://conda.anaconda.org/conda-forge/linux-64/libkml-1.3.0-haa4a5bd_1022.conda#00f0f4a9d2eb174015931b1a234d61ca
https://conda.anaconda.org/conda-forge/linux-64/libxml2-16-2.15.1-ha9997c6_0.conda#e7733bc6785ec009e47a224a71917e84
https://conda.anaconda.org/conda-forge/linux-64/python-3.13.11-hc97d973_100_cp313.conda#0cbb0010f1d8ecb64a428a8d4214609e
https://conda.anaconda.org/conda-forge/linux-64/re2-2025.11.05-h5301d42_0.conda#0227d04521bc3d28c7995c7e1f99a721
https://conda.anaconda.org/conda-forge/linux-64/xerces-c-3.3.0-h988505b_0.conda#eeecd6ccca69409a39ac99721a72f387
https://conda.anaconda.org/conda-forge/linux-64/xorg-libxext-1.3.6-hb9d3cd8_0.conda#febbab7d15033c913d53c7a2c102309d
https://conda.anaconda.org/conda-forge/linux-64/xorg-libxrender-0.9.12-hb9d3cd8_0.conda#96d57aba173e878a2089d5638016dc5e
https://conda.anaconda.org/conda-forge/linux-64/xorg-libxt-1.3.1-hb9d3cd8_0.conda#279b0de5f6ba95457190a1c459a64e31
https://conda.anaconda.org/conda-forge/noarch/affine-2.4.0-pyhd8ed1ab_1.conda#8c4061f499edec6b8ac7000f6d586829
https://conda.anaconda.org/conda-forge/noarch/aiohappyeyeballs-2.6.1-pyhd8ed1ab_0.conda#18fd895e0e775622906cdabfc3cf0fb4
https://conda.anaconda.org/conda-forge/noarch/attrs-25.4.0-pyhcf101f3_1.conda#537296d57ea995666c68c821b00e360b
https://conda.anaconda.org/conda-forge/linux-64/aws-c-auth-0.9.1-hef928c7_8.conda#bf749bed7435c6ed446de490d48e0444
https://conda.anaconda.org/conda-forge/linux-64/aws-c-mqtt-0.13.3-hc63082f_11.conda#6a653aefdc5d83a4f959869d1759e6e3
https://conda.anaconda.org/conda-forge/noarch/blinker-1.9.0-pyhff2d567_0.conda#42834439227a4551b939beeeb8a4b085
https://conda.anaconda.org/conda-forge/noarch/bounded-pool-executor-0.0.3-pyhd8ed1ab_0.tar.bz2#d8a39f2e6da4ba10ce7c4aba2c8a69d5
https://conda.anaconda.org/conda-forge/linux-64/brotli-python-1.2.0-py313hf159716_1.conda#6c4d3597cf43f3439a51b2b13e29a4ba
https://conda.anaconda.org/conda-forge/noarch/cachetools-6.2.2-pyhd8ed1ab_0.conda#9c265afcec13eb6e844ae51b4a4b52ad
https://conda.anaconda.org/conda-forge/noarch/certifi-2025.11.12-pyhd8ed1ab_0.conda#96a02a5c1a65470a7e4eedb644c872fd
https://conda.anaconda.org/conda-forge/noarch/charset-normalizer-3.4.4-pyhd8ed1ab_0.conda#a22d1fd9bf98827e280a02875d9a007a
https://conda.anaconda.org/conda-forge/noarch/click-8.3.1-pyh8f84b5b_1.conda#ea8a6c3256897cc31263de9f455e25d9
https://conda.anaconda.org/conda-forge/noarch/cloudpickle-3.1.2-pyhcf101f3_1.conda#61b8078a0905b12529abc622406cb62c
https://conda.anaconda.org/conda-forge/noarch/colorama-0.4.6-pyhd8ed1ab_1.conda#962b9857ee8e7018c22f2776ffa0b2d7
https://conda.anaconda.org/conda-forge/linux-64/curl-8.17.0-h4e3cde8_1.conda#cb3648a22e7d5010fc9edae69bb2eab8
https://conda.anaconda.org/conda-forge/noarch/distro-1.8.0-pyhd8ed1ab_0.conda#67999c5465064480fa8016d00ac768f6
https://conda.anaconda.org/conda-forge/linux-64/docutils-0.18.1-py313h78bf25f_1.conda#0d72df6ebc7870ee7f7486dde11b7732
https://conda.anaconda.org/conda-forge/linux-64/freetype-2.14.1-ha770c72_0.conda#4afc585cd97ba8a23809406cd8a9eda8
https://conda.anaconda.org/conda-forge/linux-64/frozenlist-1.7.0-py313h6b9daa2_0.conda#3a0be7abedcbc2aee92ea228efea8eba
https://conda.anaconda.org/conda-forge/noarch/fsspec-2025.12.0-pyhd8ed1ab_0.conda#a3b9510e2491c20c7fc0f5e730227fbb
https://conda.anaconda.org/conda-forge/linux-64/gcc_impl_linux-64-15.2.0-hc5723f1_16.conda#83c672f0e373c37436953413b2272a42
https://conda.anaconda.org/conda-forge/linux-64/google-crc32c-1.7.1-py313h74173ec_1.conda#8580f244242b4d6a8c1933d8d0475b9c
https://conda.anaconda.org/conda-forge/linux-64/hdf5-1.14.6-nompi_h1b119a7_104.conda#0857f4d157820dcd5625f61fdfefb780
https://conda.anaconda.org/conda-forge/noarch/idna-3.11-pyhd8ed1ab_0.conda#53abe63df7e10a6ba605dc5f9f961d36
https://conda.anaconda.org/conda-forge/noarch/jmespath-1.0.1-pyhd8ed1ab_1.conda#972bdca8f30147135f951847b30399ea
https://conda.anaconda.org/conda-forge/noarch/legacy-cgi-2.6.4-pyh742d864_0.conda#9d2a54ab80a5cc8138b8adb1e146ac20
https://conda.anaconda.org/conda-forge/linux-64/libcblas-3.11.0-4_h0358290_openblas.conda#25f5e5af61cee1ffedd9b4c9947d3af8
https://conda.anaconda.org/conda-forge/linux-64/libgrpc-1.74.1-h3288cfb_1.conda#8142b6a4f2ffd81791262c8bd725b655
https://conda.anaconda.org/conda-forge/linux-64/liblapack-3.11.0-4_h47877c9_openblas.conda#8ba8431802764597f400ee3e99026367
https://conda.anaconda.org/conda-forge/linux-64/libxml2-2.15.1-h26afc86_0.conda#e512be7dc1f84966d50959e900ca121f
https://conda.anaconda.org/conda-forge/noarch/locket-1.0.0-pyhd8ed1ab_0.tar.bz2#91e27ef3d05cc772ce627e51cff111c4
https://conda.anaconda.org/conda-forge/linux-64/multidict-6.7.0-py313h3dea7bd_0.conda#d182804a222acc8f2c7e215f344d229f
https://conda.anaconda.org/conda-forge/noarch/multimethod-2.0.2-pyhd8ed1ab_0.conda#6d063648bbfe67f20fed3e2bc967d96d
https://conda.anaconda.org/conda-forge/noarch/packaging-25.0-pyh29332c3_1.conda#58335b26c38bf4a20f399384c33cbcf9
https://conda.anaconda.org/conda-forge/linux-64/proj-9.7.1-h99ae125_0.conda#8bbc19a6e87fbe8b97796e9a42a47a30
https://conda.anaconda.org/conda-forge/linux-64/propcache-0.3.1-py313h8060acc_0.conda#b62867739241368f43f164889b45701b
https://conda.anaconda.org/conda-forge/linux-64/protobuf-6.31.1-py313h8c92afc_2.conda#afed78c744cc34474140bb4415937fde
https://conda.anaconda.org/conda-forge/noarch/pyasn1-0.6.1-pyhd8ed1ab_2.conda#09bb17ed307ad6ab2fd78d32372fdd4e
https://conda.anaconda.org/conda-forge/noarch/pycparser-2.22-pyh29332c3_1.conda#12c566707c80111f9799308d9e265aef
https://conda.anaconda.org/conda-forge/noarch/pyjwt-2.10.1-pyhd8ed1ab_0.conda#84c5c40ea7c5bbc6243556e5daed20e7
https://conda.anaconda.org/conda-forge/noarch/pyparsing-3.2.5-pyhcf101f3_0.conda#6c8979be6d7a17692793114fa26916e8
https://conda.anaconda.org/conda-forge/noarch/pysocks-1.7.1-pyha55dd90_7.conda#461219d1a5bd61342293efa2c0c90eac
https://conda.anaconda.org/conda-forge/noarch/python-tzdata-2025.2-pyhd8ed1ab_0.conda#88476ae6ebd24f39261e0854ac244f33
https://conda.anaconda.org/conda-forge/noarch/pytz-2024.1-pyhd8ed1ab_0.conda#3eeeeb9e4827ace8c0c1419c85d590ad
https://conda.anaconda.org/conda-forge/linux-64/pyyaml-6.0.3-py313h3dea7bd_0.conda#4794ea0adaebd9f844414e594b142cb2
https://conda.anaconda.org/conda-forge/linux-64/regex-2025.11.3-py313h07c4f96_1.conda#4b36e9a78c52baf80cf3c98ac7d6d8dd
https://conda.anaconda.org/conda-forge/linux-64/ruamel.yaml.clib-0.2.12-py313h07c4f96_1.conda#4b32c72300aff010ef2174a337a6fe44
https://conda.anaconda.org/conda-forge/noarch/setuptools-80.9.0-pyhff2d567_0.conda#4de79c071274a53dcaf2a8c749d1499e
https://conda.anaconda.org/conda-forge/noarch/six-1.17.0-pyhe01879c_1.conda#3339e3b65d58accf4ca4fb8748ab16b3
https://conda.anaconda.org/conda-forge/noarch/tenacity-9.1.2-pyhd8ed1ab_0.conda#5d99943f2ae3cc69e1ada12ce9d4d701
https://conda.anaconda.org/conda-forge/noarch/tinynetrc-1.3.1-pyhd8ed1ab_0.tar.bz2#1b82cfad038f829a14db3a260e9a078c
https://conda.anaconda.org/conda-forge/noarch/toolz-1.1.0-pyhd8ed1ab_1.conda#c07a6153f8306e45794774cf9b13bd32
https://conda.anaconda.org/conda-forge/noarch/typing_extensions-4.15.0-pyhcf101f3_0.conda#0caa1af407ecff61170c9437a808404d
https://conda.anaconda.org/conda-forge/noarch/tzlocal-5.3.1-pyh8f84b5b_0.conda#369f3170d6f727d3102d83274e403b66
https://conda.anaconda.org/conda-forge/noarch/uritemplate-4.2.0-pyhd8ed1ab_0.conda#39224004f2b57cf7a7fb3d83610ab633
https://conda.anaconda.org/conda-forge/noarch/wcwidth-0.2.14-pyhd8ed1ab_0.conda#7e1e5ff31239f9cd5855714df8a3783d
https://conda.anaconda.org/conda-forge/linux-64/wrapt-1.17.3-py313h07c4f96_1.conda#c2662497e9a9ff2153753682f53989c9
https://conda.anaconda.org/conda-forge/noarch/zipp-3.23.0-pyhcf101f3_1.conda#30cd29cb87d819caead4d55184c1d115
https://conda.anaconda.org/conda-forge/noarch/aioitertools-0.12.0-pyhd8ed1ab_1.conda#3eb47adbffac44483f59e580f8600a1e
https://conda.anaconda.org/conda-forge/noarch/aiosignal-1.4.0-pyhd8ed1ab_0.conda#421a865222cd0c9d83ff08bc78bf3a61
https://conda.anaconda.org/conda-forge/linux-64/aws-c-s3-0.11.2-h0019752_1.conda#d99c84b6cd98789b8d5b0ad1aed5de0a
https://conda.anaconda.org/conda-forge/linux-64/cffi-2.0.0-py313hf46b229_1.conda#d0616e7935acab407d1543b28c446f6f
https://conda.anaconda.org/conda-forge/noarch/click-plugins-1.1.1.2-pyhd8ed1ab_0.conda#e9b05deb91c013e5224672a4ba9cf8d1
https://conda.anaconda.org/conda-forge/noarch/cligj-0.7.2-pyhd8ed1ab_2.conda#55c7804f428719241a90b152016085a1
https://conda.anaconda.org/conda-forge/linux-64/fontconfig-2.15.0-h7e30c49_1.conda#8f5b0b297b59e1ac160ad4beec99dbee
https://conda.anaconda.org/conda-forge/linux-64/geotiff-1.7.4-h1000f5c_4.conda#ff1966654a6cd1cf06a6e44c13e60b8a
https://conda.anaconda.org/conda-forge/linux-64/gfortran_impl_linux-64-15.2.0-h281d09f_16.conda#0f30aca62186200ef818d8792af5f971
https://conda.anaconda.org/conda-forge/noarch/google-resumable-media-2.8.0-pyhd8ed1ab_0.conda#ba7f04ba62be69f9c9fef0c4487c210b
https://conda.anaconda.org/conda-forge/noarch/googleapis-common-protos-1.72.0-pyhd8ed1ab_0.conda#003094932fb90de018f77a273b8a509b
https://conda.anaconda.org/conda-forge/linux-64/grpcio-1.74.1-py313h2b3948d_1.conda#397036cc46202a7a3ab58af3449fc103
https://conda.anaconda.org/conda-forge/linux-64/gsl-2.7-he838d99_0.tar.bz2#fec079ba39c9cca093bf4c00001825de
https://conda.anaconda.org/conda-forge/linux-64/gxx_impl_linux-64-15.2.0-hda75c37_16.conda#779495181670ef15f80c3e33eea6f61a
https://conda.anaconda.org/conda-forge/noarch/httplib2-0.31.0-pyhd8ed1ab_0.conda#33ee2e1652fdddcce06312eb0ab6c2d5
https://conda.anaconda.org/conda-forge/noarch/importlib-metadata-8.7.0-pyhe01879c_1.conda#63ccfdc3a3ce25b027b8767eb722fca8
https://conda.anaconda.org/conda-forge/noarch/importlib_resources-6.5.2-pyhd8ed1ab_0.conda#c85c76dc67d75619a92f51dfbce06992
https://conda.anaconda.org/conda-forge/linux-64/libarchive-3.8.2-gpl_h7be2006_100.conda#9d0eaa26e3c5d7af747b3ddee928327b
https://conda.anaconda.org/conda-forge/linux-64/libxml2-devel-2.15.1-h26afc86_0.conda#1b92b7d1b901bd832f8279ef18cac1f4
https://conda.anaconda.org/conda-forge/linux-64/numpy-2.3.5-py313hf6604e3_0.conda#15f43bcd12c90186e78801fafc53d89b
https://conda.anaconda.org/conda-forge/noarch/partd-1.4.2-pyhd8ed1ab_0.conda#0badf9c54e24cecfb0ad2f99d680c163
https://conda.anaconda.org/conda-forge/noarch/prompt-toolkit-3.0.51-pyha770c72_0.conda#d17ae9db4dc594267181bd199bf9a551
https://conda.anaconda.org/conda-forge/noarch/proto-plus-1.26.1-pyhd8ed1ab_0.conda#6fcfcf4432cd80d05ee9c6e20830bd36
https://conda.anaconda.org/conda-forge/noarch/pyasn1-modules-0.4.2-pyhd8ed1ab_0.conda#c689b62552f6b63f32f3322e463f3805
https://conda.anaconda.org/conda-forge/linux-64/pyproj-3.7.2-py313h77f6078_2.conda#42d11c7d1ac21ae2085f58353641e71c
https://conda.anaconda.org/conda-forge/noarch/python-dateutil-2.9.0-pyhd8ed1ab_0.conda#2cf4264fffb9e6eff6031c5b6884d61c
https://conda.anaconda.org/conda-forge/noarch/pyu2f-0.1.5-pyhd8ed1ab_1.conda#644bd4ca9f68ef536b902685d773d697
https://conda.anaconda.org/conda-forge/noarch/rsa-4.9.1-pyhd8ed1ab_0.conda#58958bb50f986ac0c46f73b6e290d5fe
https://conda.anaconda.org/conda-forge/linux-64/ruamel.yaml-0.17.17-py313h07c4f96_4.conda#5f6e84306587444b4170bca3e7cb2336
https://conda.anaconda.org/conda-forge/noarch/tqdm-4.67.1-pyhd8ed1ab_1.conda#9efbfdc37242619130ea42b1cc4ed861
https://conda.anaconda.org/conda-forge/noarch/typing-extensions-4.15.0-h396c80c_0.conda#edd329d7d3a4ab45dcf905899a7a6115
https://conda.anaconda.org/conda-forge/noarch/urllib3-1.26.20-pyhd8ed1ab_0.conda#0511ede4b6dd034d77fa80c6d09794e1
https://conda.anaconda.org/conda-forge/linux-64/yarl-1.22.0-py313h3dea7bd_0.conda#e9415b0f7b43d2e32a3f24fd889c9e70
https://conda.anaconda.org/conda-forge/linux-64/aiohttp-3.13.2-py313h321d83c_0.conda#df74ac8948c67a2c29c6f0c884fbc6f4
https://conda.anaconda.org/conda-forge/linux-64/awscrt-0.29.1-py313ha2c9902_1.conda#b610cedf6b6618dbe0b468f90ed33af1
https://conda.anaconda.org/conda-forge/noarch/botocore-1.40.70-pyhd8ed1ab_0.conda#280a8a31bface0a6b1cf49ea85004128
https://conda.anaconda.org/conda-forge/linux-64/cairo-1.18.4-h3394656_0.conda#09262e66b19567aff4f592fb53b28760
https://conda.anaconda.org/conda-forge/linux-64/coda-2.25.6-py313hd737b7f_1.conda#300f2959aedd741a7c9931da5b2acfa5
https://conda.anaconda.org/conda-forge/linux-64/cryptography-46.0.3-py313heb322e3_1.conda#4e6278c519f2766ea707361f81b33364
https://conda.anaconda.org/conda-forge/noarch/dask-core-2025.11.0-pyhcf101f3_0.conda#91549f296c15ef7b49ee6600e7c934c1
https://conda.anaconda.org/conda-forge/noarch/dateparser-1.2.0-pyhd8ed1ab_1.conda#f008b2bd3dd6fa89d6beb5ad1d421d97
https://conda.anaconda.org/conda-forge/noarch/grpcio-status-1.74.0-pyhd8ed1ab_0.conda#b2270e94052afa9ce662506ae743c3f9
https://conda.anaconda.org/conda-forge/noarch/importlib-resources-6.5.2-pyhd8ed1ab_0.conda#e376ea42e9ae40f3278b0f79c9bf9826
https://conda.anaconda.org/conda-forge/noarch/importlib_metadata-8.7.0-h40b2b14_1.conda#8a77895fb29728b736a1a6c75906ea1a
https://conda.anaconda.org/conda-forge/linux-64/libspatialite-5.1.0-gpl_h2abfd87_119.conda#887245164c408c289d0cb45bd508ce5f
https://conda.anaconda.org/conda-forge/linux-64/pandas-2.2.3-py313ha87cce1_1.conda#c5d63dd501db554b84a30dea33824164
https://conda.anaconda.org/conda-forge/noarch/pqdm-0.2.0-pyhd8ed1ab_1.conda#296b00aa40198a645b50290254fd61bf
https://conda.anaconda.org/conda-forge/noarch/pystac-1.14.1-pyhd8ed1ab_0.conda#434061aaa26dafd0e21a6184f6fb52bf
https://conda.anaconda.org/conda-forge/noarch/requests-2.32.5-pyhd8ed1ab_0.conda#db0c6b99149880c8ba515cf4abe93ee4
https://conda.anaconda.org/conda-forge/linux-64/shapely-2.1.2-py313had47c43_2.conda#6e550dd748e9ac9b2925411684e076a1
https://conda.anaconda.org/conda-forge/noarch/snuggs-1.4.7-pyhd8ed1ab_2.conda#9aa358575bbd4be126eaa5e0039f835c
https://conda.anaconda.org/conda-forge/noarch/aiobotocore-2.25.2-pyhcf101f3_0.conda#6e90a60dbb939d24a6295e19377cf0e6
https://conda.anaconda.org/conda-forge/linux-64/awscli-2.32.13-py313hd5f5364_0.conda#6c497385941bd383869fcb5d6431ace6
https://conda.anaconda.org/conda-forge/linux-64/harfbuzz-12.2.0-h15599e2_0.conda#b8690f53007e9b5ee2c2178dd4ac778c
https://conda.anaconda.org/conda-forge/linux-64/libgdal-core-3.10.3-h1f481a6_27.conda#01c9b96c9902d49dbeadc6762ee4d397
https://conda.anaconda.org/conda-forge/noarch/oauthlib-3.3.1-pyhd8ed1ab_0.conda#d4f3f31ee39db3efecb96c0728d4bdbf
https://conda.anaconda.org/conda-forge/noarch/pyopenssl-25.3.0-pyhd8ed1ab_0.conda#ddf01a1d87103a152f725c7aeabffa29
https://conda.anaconda.org/conda-forge/noarch/pystac-client-0.9.0-pyhd8ed1ab_0.conda#d10aaa4bf5c9fc88730007bf64cda768
https://conda.anaconda.org/conda-forge/noarch/python-cmr-0.13.0-pyhff2d567_1.conda#d65753d9414dac85cd972b46f3376877
https://conda.anaconda.org/conda-forge/noarch/remotezip-0.12.3-pyhd8ed1ab_1.conda#ae636b9c45eaf85205950fc94401fd8b
https://conda.anaconda.org/conda-forge/noarch/s3transfer-0.14.0-pyhd8ed1ab_0.conda#4e3089ce93822a25408c480dd53561b6
https://conda.anaconda.org/conda-forge/noarch/xarray-2025.12.0-pyhcf101f3_0.conda#efdb3ef0ff549959650ef070ba2c52d2
https://conda.anaconda.org/conda-forge/noarch/asf_search-6.3.1-pyhd8ed1ab_0.conda#5b4b044b38ed1e6f05d3d8f1a757dbf8
https://conda.anaconda.org/conda-forge/noarch/boto3-1.40.70-pyhd8ed1ab_0.conda#9b8dc5d7e00f09256e5b438ec5cfc474
https://conda.anaconda.org/conda-forge/noarch/google-auth-2.43.0-pyhd8ed1ab_0.conda#5b33d9974cab063dcf39e8671ddee1c1
https://conda.anaconda.org/conda-forge/linux-64/pango-1.56.4-hadf4263_0.conda#79f71230c069a287efe3a8614069ddf1
https://conda.anaconda.org/conda-forge/linux-64/rasterio-1.4.3-py313h6bd603e_3.conda#28ae3685a33eee815e353a90b880c8b4
https://conda.anaconda.org/conda-forge/noarch/requests-oauthlib-2.0.0-pyhd8ed1ab_1.conda#a283b764d8b155f81e904675ef5e1f4b
https://conda.anaconda.org/conda-forge/noarch/s3fs-2025.12.0-pyhd8ed1ab_0.conda#35a41338454bdba184c3136fbdc7186a
https://conda.anaconda.org/conda-forge/noarch/earthaccess-0.15.1-pyhcf101f3_0.conda#fa2de8ff18f685f5530e95d06bc5e8db
https://conda.anaconda.org/conda-forge/noarch/eofetch-0.6-pyhd8ed1ab_0.conda#88469647199f5d358aba529d794424d4
https://conda.anaconda.org/conda-forge/noarch/google-api-core-2.28.1-pyhd8ed1ab_0.conda#4f543962961d34db6b5c72ebe827caf7
https://conda.anaconda.org/conda-forge/noarch/google-auth-httplib2-0.2.1-pyhd8ed1ab_0.conda#adbe485b64ac928f95d4029c0b4f032d
https://conda.anaconda.org/conda-forge/noarch/google-auth-oauthlib-1.2.2-pyhd8ed1ab_0.conda#8e340e42470ffa0435a2067858b5c743
https://conda.anaconda.org/conda-forge/linux-64/r-base-4.5.2-h835929b_2.conda#957ec54dd422c5df38d9b62b9ed63226
https://conda.anaconda.org/conda-forge/noarch/stackstac-0.5.1-pyhd8ed1ab_1.conda#845b4fca508ab865b902c57bf3419ca0
https://conda.anaconda.org/conda-forge/noarch/gcsfs-0.7.2-pyhd8ed1ab_0.tar.bz2#06b237687f879692dccd6a8c0360b32d
https://conda.anaconda.org/conda-forge/noarch/google-api-python-client-2.187.0-pyh332efcf_0.conda#88ac4a55841541d5517d9a1eb468239c
https://conda.anaconda.org/conda-forge/noarch/google-cloud-core-2.5.0-pyhd8ed1ab_0.conda#862b63f7548be0c97e9c6f4f85959189
https://conda.anaconda.org/conda-forge/linux-64/harp-1.29-py313r45hf164134_0.conda#9dae8e48b894bf7386c9320751465f56
https://conda.anaconda.org/conda-forge/noarch/google-cloud-storage-3.7.0-pyhcf101f3_0.conda#9a4ab0a7b2c5362e9530b03cf563820b
https://conda.anaconda.org/conda-forge/noarch/earthengine-api-1.7.4-pyhd8ed1ab_0.conda#fea9aaf3f141b1811b150eeefd3f8090
